
Microsoft Visual Studio Solution File, Format Version 12.00
# Visual Studio Version 17
VisualStudioVersion = 17.14.37301.10 d17.14
MinimumVisualStudioVersion = 10.0.40219.1
Project("{FAE04EC0-301F-11D3-BF4B-00C04F79EFBC}") = "Bai1", "Bai1\Bai1.csproj", "{B6B85E11-A251-48CE-BC92-45683039BB0A}"
EndProject
Global
	GlobalSection(SolutionConfigurationPlatforms) = preSolution
		Debug|Any CPU = Debug|Any CPU
		Release|Any CPU = Release|Any CPU
	EndGlobalSection
	GlobalSection(ProjectConfigurationPlatforms) = postSolution
		{B6B85E11-A251-48CE-BC92-45683039BB0A}.Debug|Any CPU.ActiveCfg = Debug|Any CPU
		{B6B85E11-A251-48CE-BC92-45683039BB0A}.Debug|Any CPU.Build.0 = Debug|Any CPU
		{B6B85E11-A251-48CE-BC92-45683039BB0A}.Release|Any CPU.ActiveCfg = Release|Any CPU
		{B6B85E11-A251-48CE-BC92-45683039BB0A}.Release|Any CPU.Build.0 = Release|Any CPU
	EndGlobalSection
	GlobalSection(SolutionProperties) = preSolution
		HideSolutionNode = FALSE
	EndGlobalSection
	GlobalSection(ExtensibilityGlobals) = postSolution
		SolutionGuid = {14D2750A-CFD7-4DB9-99DF-D934AF0CE172}
	EndGlobalSection
EndGlobal
