
Microsoft Visual Studio Solution File, Format Version 12.00
# Visual Studio Version 17
VisualStudioVersion = 17.14.37301.10 d17.14
MinimumVisualStudioVersion = 10.0.40219.1
Project("{FAE04EC0-301F-11D3-BF4B-00C04F79EFBC}") = "LoginFormMVC", "LoginFormMVC\LoginFormMVC.csproj", "{070E5578-F064-48D1-9548-CD42BEB80DDB}"
EndProject
Global
	GlobalSection(SolutionConfigurationPlatforms) = preSolution
		Debug|Any CPU = Debug|Any CPU
		Release|Any CPU = Release|Any CPU
	EndGlobalSection
	GlobalSection(ProjectConfigurationPlatforms) = postSolution
		{070E5578-F064-48D1-9548-CD42BEB80DDB}.Debug|Any CPU.ActiveCfg = Debug|Any CPU
		{070E5578-F064-48D1-9548-CD42BEB80DDB}.Debug|Any CPU.Build.0 = Debug|Any CPU
		{070E5578-F064-48D1-9548-CD42BEB80DDB}.Release|Any CPU.ActiveCfg = Release|Any CPU
		{070E5578-F064-48D1-9548-CD42BEB80DDB}.Release|Any CPU.Build.0 = Release|Any CPU
	EndGlobalSection
	GlobalSection(SolutionProperties) = preSolution
		HideSolutionNode = FALSE
	EndGlobalSection
	GlobalSection(ExtensibilityGlobals) = postSolution
		SolutionGuid = {B59CBE0A-469C-4875-BACF-7B8FE71462B2}
	EndGlobalSection
EndGlobal
