
Microsoft Visual Studio Solution File, Format Version 12.00
# Visual Studio Version 17
VisualStudioVersion = 17.14.37301.10 d17.14
MinimumVisualStudioVersion = 10.0.40219.1
Project("{FAE04EC0-301F-11D3-BF4B-00C04F79EFBC}") = "BookManagement", "BookManagement\BookManagement.csproj", "{49C169F8-0B18-481A-A69D-1B37AF5AA272}"
EndProject
Global
	GlobalSection(SolutionConfigurationPlatforms) = preSolution
		Debug|Any CPU = Debug|Any CPU
		Release|Any CPU = Release|Any CPU
	EndGlobalSection
	GlobalSection(ProjectConfigurationPlatforms) = postSolution
		{49C169F8-0B18-481A-A69D-1B37AF5AA272}.Debug|Any CPU.ActiveCfg = Debug|Any CPU
		{49C169F8-0B18-481A-A69D-1B37AF5AA272}.Debug|Any CPU.Build.0 = Debug|Any CPU
		{49C169F8-0B18-481A-A69D-1B37AF5AA272}.Release|Any CPU.ActiveCfg = Release|Any CPU
		{49C169F8-0B18-481A-A69D-1B37AF5AA272}.Release|Any CPU.Build.0 = Release|Any CPU
	EndGlobalSection
	GlobalSection(SolutionProperties) = preSolution
		HideSolutionNode = FALSE
	EndGlobalSection
	GlobalSection(ExtensibilityGlobals) = postSolution
		SolutionGuid = {DCE8827E-4E8E-4E91-8E89-5691E6627F09}
	EndGlobalSection
EndGlobal
