
Microsoft Visual Studio Solution File, Format Version 12.00
# Visual Studio Version 17
VisualStudioVersion = 17.14.37301.10 d17.14
MinimumVisualStudioVersion = 10.0.40219.1
Project("{FAE04EC0-301F-11D3-BF4B-00C04F79EFBC}") = "StudentManagement", "StudentManagement\StudentManagement.csproj", "{E3DE53D0-EFCB-4703-A65A-90B3FF30F577}"
EndProject
Global
	GlobalSection(SolutionConfigurationPlatforms) = preSolution
		Debug|Any CPU = Debug|Any CPU
		Release|Any CPU = Release|Any CPU
	EndGlobalSection
	GlobalSection(ProjectConfigurationPlatforms) = postSolution
		{E3DE53D0-EFCB-4703-A65A-90B3FF30F577}.Debug|Any CPU.ActiveCfg = Debug|Any CPU
		{E3DE53D0-EFCB-4703-A65A-90B3FF30F577}.Debug|Any CPU.Build.0 = Debug|Any CPU
		{E3DE53D0-EFCB-4703-A65A-90B3FF30F577}.Release|Any CPU.ActiveCfg = Release|Any CPU
		{E3DE53D0-EFCB-4703-A65A-90B3FF30F577}.Release|Any CPU.Build.0 = Release|Any CPU
	EndGlobalSection
	GlobalSection(SolutionProperties) = preSolution
		HideSolutionNode = FALSE
	EndGlobalSection
	GlobalSection(ExtensibilityGlobals) = postSolution
		SolutionGuid = {B1D0DD87-AFB0-4BFA-96BC-AB3A23A4FE7D}
	EndGlobalSection
EndGlobal
